// !$*UTF8*$!
{
	archiveVersion = 1;
	classes = {
	};
	objectVersion = 77;
	objects = {

/* Begin PBXContainerItemProxy section */
		0F3ACBCC2D14107700D5F8B7 /* PBXContainerItemProxy */ = {
			isa = PBXContainerItemProxy;
			containerPortal = 0F3ACBB32D14107400D5F8B7 /* Project object */;
			proxyType = 1;
			remoteGlobalIDString = 0F3ACBBA2D14107400D5F8B7;
			remoteInfo = FetchMeal;
		};
		0F3ACBD62D14107700D5F8B7 /* PBXContainerItemProxy */ = {
			isa = PBXContainerItemProxy;
			containerPortal = 0F3ACBB32D14107400D5F8B7 /* Project object */;
			proxyType = 1;
			remoteGlobalIDString = 0F3ACBBA2D14107400D5F8B7;
			remoteInfo = FetchMeal;
		};
/* End PBXContainerItemProxy section */

/* Begin PBXFileReference section */
		0F3ACBBB2D14107400D5F8B7 /* FetchMeal.app */ = {isa = PBXFileReference; explicitFileType = wrapper.application; includeInIndex = 0; path = FetchMeal.app; sourceTree = BUILT_PRODUCTS_DIR; };
		0F3ACBCB2D14107700D5F8B7 /* FetchMealTests.xctest */ = {isa = PBXFileReference; explicitFileType = wrapper.cfbundle; includeInIndex = 0; path = FetchMealTests.xctest; sourceTree = BUILT_PRODUCTS_DIR; };
		0F3ACBD52D14107700D5F8B7 /* FetchMealUITests.xctest */ = {isa = PBXFileReference; explicitFileType = wrapper.cfbundle; includeInIndex = 0; path = FetchMealUITests.xctest; sourceTree = BUILT_PRODUCTS_DIR; };
/* End PBXFileReference section */

/* Begin PBXFileSystemSynchronizedRootGroup section */
		0F3ACBBD2D14107400D5F8B7 /* FetchMeal */ = {
			isa = PBXFileSystemSynchronizedRootGroup;
			path = FetchMeal;
			sourceTree = "<group>";
		};
		0F3ACBCE2D14107700D5F8B7 /* FetchMealTests */ = {
			isa = PBXFileSystemSynchronizedRootGroup;
			path = FetchMealTests;
			sourceTree = "<group>";
		};
		0F3ACBD82D14107700D5F8B7 /* FetchMealUITests */ = {
			isa = PBXFileSystemSynchronizedRootGroup;
			path = FetchMealUITests;
			sourceTree = "<group>";
		};
/* End PBXFileSystemSynchronizedRootGroup section */

/* Begin PBXFrameworksBuildPhase section */
		0F3ACBB82D14107400D5F8B7 /* Frameworks */ = {
			isa = PBXFrameworksBuildPhase;
			buildActionMask = 2147483647;
			files = (
			);
			runOnlyForDeploymentPostprocessing = 0;
		};
		0F3ACBC82D14107700D5F8B7 /* Frameworks */ = {
			isa = PBXFrameworksBuildPhase;
			buildActionMask = 2147483647;
			files = (
			);
			runOnlyForDeploymentPostprocessing = 0;
		};
		0F3ACBD22D14107700D5F8B7 /* Frameworks */ = {
			isa = PBXFrameworksBuildPhase;
			buildActionMask = 2147483647;
			files = (
			);
			runOnlyForDeploymentPostprocessing = 0;
		};
/* End PBXFrameworksBuildPhase section */

/* Begin PBXGroup section */
		0F3ACBB22D14107400D5F8B7 = {
			isa = PBXGroup;
			children = (
				0F3ACBBD2D14107400D5F8B7 /* FetchMeal */,
				0F3ACBCE2D14107700D5F8B7 /* FetchMealTests */,
				0F3ACBD82D14107700D5F8B7 /* FetchMealUITests */,
				0F3ACBBC2D14107400D5F8B7 /* Products */,
			);
			sourceTree = "<group>";
		};
		0F3ACBBC2D14107400D5F8B7 /* Products */ = {
			isa = PBXGroup;
			children = (
				0F3ACBBB2D14107400D5F8B7 /* FetchMeal.app */,
				0F3ACBCB2D14107700D5F8B7 /* FetchMealTests.xctest */,
				0F3ACBD52D14107700D5F8B7 /* FetchMealUITests.xctest */,
			);
			name = Products;
			sourceTree = "<group>";
		};
/* End PBXGroup section */

/* Begin PBXNativeTarget section */
		0F3ACBBA2D14107400D5F8B7 /* FetchMeal */ = {
			isa = PBXNativeTarget;
			buildConfigurationList = 0F3ACBDF2D14107700D5F8B7 /* Build configuration list for PBXNativeTarget "FetchMeal" */;
			buildPhases = (
				0F3ACBB72D14107400D5F8B7 /* Sources */,
				0F3ACBB82D14107400D5F8B7 /* Frameworks */,
				0F3ACBB92D14107400D5F8B7 /* Resources */,
			);
			buildRules = (
			);
			dependencies = (
			);
			fileSystemSynchronizedGroups = (
				0F3ACBBD2D14107400D5F8B7 /* FetchMeal */,
			);
			name = FetchMeal;
			packageProductDependencies = (
			);
			productName = FetchMeal;
			productReference = 0F3ACBBB2D14107400D5F8B7 /* FetchMeal.app */;
			productType = "com.apple.product-type.application";
		};
		0F3ACBCA2D14107700D5F8B7 /* FetchMealTests */ = {
			isa = PBXNativeTarget;
			buildConfigurationList = 0F3ACBE22D14107700D5F8B7 /* Build configuration list for PBXNativeTarget "FetchMealTests" */;
			buildPhases = (
				0F3ACBC72D14107700D5F8B7 /* Sources */,
				0F3ACBC82D14107700D5F8B7 /* Frameworks */,
				0F3ACBC92D14107700D5F8B7 /* Resources */,
			);
			buildRules = (
			);
			dependencies = (
				0F3ACBCD2D14107700D5F8B7 /* PBXTargetDependency */,
			);
			fileSystemSynchronizedGroups = (
				0F3ACBCE2D14107700D5F8B7 /* FetchMealTests */,
			);
			name = FetchMealTests;
			packageProductDependencies = (
			);
			productName = FetchMealTests;
			productReference = 0F3ACBCB2D14107700D5F8B7 /* FetchMealTests.xctest */;
			productType = "com.apple.product-type.bundle.unit-test";
		};
		0F3ACBD42D14107700D5F8B7 /* FetchMealUITests */ = {
			isa = PBXNativeTarget;
			buildConfigurationList = 0F3ACBE52D14107700D5F8B7 /* Build configuration list for PBXNativeTarget "FetchMealUITests" */;
			buildPhases = (
				0F3ACBD12D14107700D5F8B7 /* Sources */,
				0F3ACBD22D14107700D5F8B7 /* Frameworks */,
				0F3ACBD32D14107700D5F8B7 /* Resources */,
			);
			buildRules = (
			);
			dependencies = (
				0F3ACBD72D14107700D5F8B7 /* PBXTargetDependency */,
			);
			fileSystemSynchronizedGroups = (
				0F3ACBD82D14107700D5F8B7 /* FetchMealUITests */,
			);
			name = FetchMealUITests;
			packageProductDependencies = (
			);
			productName = FetchMealUITests;
			productReference = 0F3ACBD52D14107700D5F8B7 /* FetchMealUITests.xctest */;
			productType = "com.apple.product-type.bundle.ui-testing";
		};
/* End PBXNativeTarget section */

/* Begin PBXProject section */
		0F3ACBB32D14107400D5F8B7 /* Project object */ = {
			isa = PBXProject;
			attributes = {
				BuildIndependentTargetsInParallel = 1;
				LastSwiftUpdateCheck = 1620;
				LastUpgradeCheck = 1620;
				TargetAttributes = {
					0F3ACBBA2D14107400D5F8B7 = {
						CreatedOnToolsVersion = 16.2;
					};
					0F3ACBCA2D14107700D5F8B7 = {
						CreatedOnToolsVersion = 16.2;
						TestTargetID = 0F3ACBBA2D14107400D5F8B7;
					};
					0F3ACBD42D14107700D5F8B7 = {
						CreatedOnToolsVersion = 16.2;
						TestTargetID = 0F3ACBBA2D14107400D5F8B7;
					};
				};
			};
			buildConfigurationList = 0F3ACBB62D14107400D5F8B7 /* Build configuration list for PBXProject "FetchMeal" */;
			developmentRegion = en;
			hasScannedForEncodings = 0;
			knownRegions = (
				en,
				Base,
			);
			mainGroup = 0F3ACBB22D14107400D5F8B7;
			minimizedProjectReferenceProxies = 1;
			preferredProjectObjectVersion = 77;
			productRefGroup = 0F3ACBBC2D14107400D5F8B7 /* Products */;
			projectDirPath = "";
			projectRoot = "";
			targets = (
				0F3ACBBA2D14107400D5F8B7 /* FetchMeal */,
				0F3ACBCA2D14107700D5F8B7 /* FetchMealTests */,
				0F3ACBD42D14107700D5F8B7 /* FetchMealUITests */,
			);
		};
/* End PBXProject section */

/* Begin PBXResourcesBuildPhase section */
		0F3ACBB92D14107400D5F8B7 /* Resources */ = {
			isa = PBXResourcesBuildPhase;
			buildActionMask = 2147483647;
			files = (
			);
			runOnlyForDeploymentPostprocessing = 0;
		};
		0F3ACBC92D14107700D5F8B7 /* Resources */ = {
			isa = PBXResourcesBuildPhase;
			buildActionMask = 2147483647;
			files = (
			);
			runOnlyForDeploymentPostprocessing = 0;
		};
		0F3ACBD32D14107700D5F8B7 /* Resources */ = {
			isa = PBXResourcesBuildPhase;
			buildActionMask = 2147483647;
			files = (
			);
			runOnlyForDeploymentPostprocessing = 0;
		};
/* End PBXResourcesBuildPhase section */

/* Begin PBXSourcesBuildPhase section */
		0F3ACBB72D14107400D5F8B7 /* Sources */ = {
			isa = PBXSourcesBuildPhase;
			buildActionMask = 2147483647;
			files = (
			);
			runOnlyForDeploymentPostprocessing = 0;
		};
		0F3ACBC72D14107700D5F8B7 /* Sources */ = {
			isa = PBXSourcesBuildPhase;
			buildActionMask = 2147483647;
			files = (
			);
			runOnlyForDeploymentPostprocessing = 0;
		};
		0F3ACBD12D14107700D5F8B7 /* Sources */ = {
			isa = PBXSourcesBuildPhase;
			buildActionMask = 2147483647;
			files = (
			);
			runOnlyForDeploymentPostprocessing = 0;
		};
/* End PBXSourcesBuildPhase section */

/* Begin PBXTargetDependency section */
		0F3ACBCD2D14107700D5F8B7 /* PBXTargetDependency */ = {
			isa = PBXTargetDependency;
			target = 0F3ACBBA2D14107400D5F8B7 /* FetchMeal */;
			targetProxy = 0F3ACBCC2D14107700D5F8B7 /* PBXContainerItemProxy */;
		};
		0F3ACBD72D14107700D5F8B7 /* PBXTargetDependency */ = {
			isa = PBXTargetDependency;
			target = 0F3ACBBA2D14107400D5F8B7 /* FetchMeal */;
			targetProxy = 0F3ACBD62D14107700D5F8B7 /* PBXContainerItemProxy */;
		};
/* End PBXTargetDependency section */

/* Begin XCBuildConfiguration section */
		0F3ACBDD2D14107700D5F8B7 /* Debug */ = {
			isa = XCBuildConfiguration;
			buildSettings = {
				ALWAYS_SEARCH_USER_PATHS = NO;
				ASSETCATALOG_COMPILER_GENERATE_SWIFT_ASSET_SYMBOL_EXTENSIONS = YES;
				CLANG_ANALYZER_NONNULL = YES;
				CLANG_ANALYZER_NUMBER_OBJECT_CONVERSION = YES_AGGRESSIVE;
				CLANG_CXX_LANGUAGE_STANDARD = "gnu++20";
				CLANG_ENABLE_MODULES = YES;
				CLANG_ENABLE_OBJC_ARC = YES;
				CLANG_ENABLE_OBJC_WEAK = YES;
				CLANG_WARN_BLOCK_CAPTURE_AUTORELEASING = YES;
				CLANG_WARN_BOOL_CONVERSION = YES;
				CLANG_WARN_COMMA = YES;
				CLANG_WARN_CONSTANT_CONVERSION = YES;
				CLANG_WARN_DEPRECATED_OBJC_IMPLEMENTATIONS = YES;
				CLANG_WARN_DIRECT_OBJC_ISA_USAGE = YES_ERROR;
				CLANG_WARN_DOCUMENTATION_COMMENTS = YES;
				CLANG_WARN_EMPTY_BODY = YES;
				CLANG_WARN_ENUM_CONVERSION = YES;
				CLANG_WARN_INFINITE_RECURSION = YES;
				CLANG_WARN_INT_CONVERSION = YES;
				CLANG_WARN_NON_LITERAL_NULL_CONVERSION = YES;
				CLANG_WARN_OBJC_IMPLICIT_RETAIN_SELF = YES;
				CLANG_WARN_OBJC_LITERAL_CONVERSION = YES;
				CLANG_WARN_OBJC_ROOT_CLASS = YES_ERROR;
				CLANG_WARN_QUOTED_INCLUDE_IN_FRAMEWORK_HEADER = YES;
				CLANG_WARN_RANGE_LOOP_ANALYSIS = YES;
				CLANG_WARN_STRICT_PROTOTYPES = YES;
				CLANG_WARN_SUSPICIOUS_MOVE = YES;
				CLANG_WARN_UNGUARDED_AVAILABILITY = YES_AGGRESSIVE;
				CLANG_WARN_UNREACHABLE_CODE = YES;
				CLANG_WARN__DUPLICATE_METHOD_MATCH = YES;
				COPY_PHASE_STRIP = NO;
				DEBUG_INFORMATION_FORMAT = dwarf;
				ENABLE_STRICT_OBJC_MSGSEND = YES;
				ENABLE_TESTABILITY = YES;
				ENABLE_USER_SCRIPT_SANDBOXING = YES;
				GCC_C_LANGUAGE_STANDARD = gnu17;
				GCC_DYNAMIC_NO_PIC = NO;
				GCC_NO_COMMON_BLOCKS = YES;
				GCC_OPTIMIZATION_LEVEL = 0;
				GCC_PREPROCESSOR_DEFINITIONS = (
					"DEBUG=1",
					"$(inherited)",
				);
				GCC_WARN_64_TO_32_BIT_CONVERSION = YES;
				GCC_WARN_ABOUT_RETURN_TYPE = YES_ERROR;
				GCC_WARN_UNDECLARED_SELECTOR = YES;
				GCC_WARN_UNINITIALIZED_AUTOS = YES_AGGRESSIVE;
				GCC_WARN_UNUSED_FUNCTION = YES;
				GCC_WARN_UNUSED_VARIABLE = YES;
				IPHONEOS_DEPLOYMENT_TARGET = 18.2;
				LOCALIZATION_PREFERS_STRING_CATALOGS = YES;
				MTL_ENABLE_DEBUG_INFO = INCLUDE_SOURCE;
				MTL_FAST_MATH = YES;
				ONLY_ACTIVE_ARCH = YES;
				SDKROOT = iphoneos;
				SWIFT_ACTIVE_COMPILATION_CONDITIONS = "DEBUG $(inherited)";
				SWIFT_OPTIMIZATION_LEVEL = "-Onone";
			};
			name = Debug;
		};
		0F3ACBDE2D14107700D5F8B7 /* Release */ = {
			isa = XCBuildConfiguration;
			buildSettings = {
				ALWAYS_SEARCH_USER_PATHS = NO;
				ASSETCATALOG_COMPILER_GENERATE_SWIFT_ASSET_SYMBOL_EXTENSIONS = YES;
				CLANG_ANALYZER_NONNULL = YES;
				CLANG_ANALYZER_NUMBER_OBJECT_CONVERSION = YES_AGGRESSIVE;
				CLANG_CXX_LANGUAGE_STANDARD = "gnu++20";
				CLANG_ENABLE_MODULES = YES;
				CLANG_ENABLE_OBJC_ARC = YES;
				CLANG_ENABLE_OBJC_WEAK = YES;
				CLANG_WARN_BLOCK_CAPTURE_AUTORELEASING = YES;
				CLANG_WARN_BOOL_CONVERSION = YES;
				CLANG_WARN_COMMA = YES;
				CLANG_WARN_CONSTANT_CONVERSION = YES;
				CLANG_WARN_DEPRECATED_OBJC_IMPLEMENTATIONS = YES;
				CLANG_WARN_DIRECT_OBJC_ISA_USAGE = YES_ERROR;
				CLANG_WARN_DOCUMENTATION_COMMENTS = YES;
				CLANG_WARN_EMPTY_BODY = YES;
				CLANG_WARN_ENUM_CONVERSION = YES;
				CLANG_WARN_INFINITE_RECURSION = YES;
				CLANG_WARN_INT_CONVERSION = YES;
				CLANG_WARN_NON_LITERAL_NULL_CONVERSION = YES;
				CLANG_WARN_OBJC_IMPLICIT_RETAIN_SELF = YES;
				CLANG_WARN_OBJC_LITERAL_CONVERSION = YES;
				CLANG_WARN_OBJC_ROOT_CLASS = YES_ERROR;
				CLANG_WARN_QUOTED_INCLUDE_IN_FRAMEWORK_HEADER = YES;
				CLANG_WARN_RANGE_LOOP_ANALYSIS = YES;
				CLANG_WARN_STRICT_PROTOTYPES = YES;
				CLANG_WARN_SUSPICIOUS_MOVE = YES;
				CLANG_WARN_UNGUARDED_AVAILABILITY = YES_AGGRESSIVE;
				CLANG_WARN_UNREACHABLE_CODE = YES;
				CLANG_WARN__DUPLICATE_METHOD_MATCH = YES;
				COPY_PHASE_STRIP = NO;
				DEBUG_INFORMATION_FORMAT = "dwarf-with-dsym";
				ENABLE_NS_ASSERTIONS = NO;
				ENABLE_STRICT_OBJC_MSGSEND = YES;
				ENABLE_USER_SCRIPT_SANDBOXING = YES;
				GCC_C_LANGUAGE_STANDARD = gnu17;
				GCC_NO_COMMON_BLOCKS = YES;
				GCC_WARN_64_TO_32_BIT_CONVERSION = YES;
				GCC_WARN_ABOUT_RETURN_TYPE = YES_ERROR;
				GCC_WARN_UNDECLARED_SELECTOR = YES;
				GCC_WARN_UNINITIALIZED_AUTOS = YES_AGGRESSIVE;
				GCC_WARN_UNUSED_FUNCTION = YES;
				GCC_WARN_UNUSED_VARIABLE = YES;
				IPHONEOS_DEPLOYMENT_TARGET = 18.2;
				LOCALIZATION_PREFERS_STRING_CATALOGS = YES;
				MTL_ENABLE_DEBUG_INFO = NO;
				MTL_FAST_MATH = YES;
				SDKROOT = iphoneos;
				SWIFT_COMPILATION_MODE = wholemodule;
				VALIDATE_PRODUCT = YES;
			};
			name = Release;
		};
		0F3ACBE02D14107700D5F8B7 /* Debug */ = {
			isa = XCBuildConfiguration;
			buildSettings = {
				ASSETCATALOG_COMPILER_APPICON_NAME = AppIcon;
				ASSETCATALOG_COMPILER_GLOBAL_ACCENT_COLOR_NAME = AccentColor;
				CODE_SIGN_STYLE = Automatic;
				CURRENT_PROJECT_VERSION = 1;
				DEVELOPMENT_ASSET_PATHS = "\"FetchMeal/Preview Content\"";
				DEVELOPMENT_TEAM = 72VQ5RS74U;
				ENABLE_PREVIEWS = YES;
				GENERATE_INFOPLIST_FILE = YES;
				INFOPLIST_KEY_UIApplicationSceneManifest_Generation = YES;
				INFOPLIST_KEY_UIApplicationSupportsIndirectInputEvents = YES;
				INFOPLIST_KEY_UILaunchScreen_Generation = YES;
				INFOPLIST_KEY_UISupportedInterfaceOrientations_iPad = "UIInterfaceOrientationPortrait UIInterfaceOrientationPortraitUpsideDown UIInterfaceOrientationLandscapeLeft UIInterfaceOrientationLandscapeRight";
				INFOPLIST_KEY_UISupportedInterfaceOrientations_iPhone = "UIInterfaceOrientationPortrait UIInterfaceOrientationLandscapeLeft UIInterfaceOrientationLandscapeRight";
				IPHONEOS_DEPLOYMENT_TARGET = 16.6;
				LD_RUNPATH_SEARCH_PATHS = (
					"$(inherited)",
					"@executable_path/Frameworks",
				);
				MARKETING_VERSION = 1.0;
				PRODUCT_BUNDLE_IDENTIFIER = com.pwalker.FetchMeal;
				PRODUCT_NAME = "$(TARGET_NAME)";
				SUPPORTED_PLATFORMS = "iphoneos iphonesimulator";
				SUPPORTS_MACCATALYST = NO;
				SUPPORTS_MAC_DESIGNED_FOR_IPHONE_IPAD = NO;
				SUPPORTS_XR_DESIGNED_FOR_IPHONE_IPAD = NO;
				SWIFT_EMIT_LOC_STRINGS = YES;
				SWIFT_VERSION = 5.0;
				TARGETED_DEVICE_FAMILY = 1;
			};
			name = Debug;
		};
		0F3ACBE12D14107700D5F8B7 /* Release */ = {
			isa = XCBuildConfiguration;
			buildSettings = {
				ASSETCATALOG_COMPILER_APPICON_NAME = AppIcon;
				ASSETCATALOG_COMPILER_GLOBAL_ACCENT_COLOR_NAME = AccentColor;
				CODE_SIGN_STYLE = Automatic;
				CURRENT_PROJECT_VERSION = 1;
				DEVELOPMENT_ASSET_PATHS = "\"FetchMeal/Preview Content\"";
				DEVELOPMENT_TEAM = 72VQ5RS74U;
				ENABLE_PREVIEWS = YES;
				GENERATE_INFOPLIST_FILE = YES;
				INFOPLIST_KEY_UIApplicationSceneManifest_Generation = YES;
				INFOPLIST_KEY_UIApplicationSupportsIndirectInputEvents = YES;
				INFOPLIST_KEY_UILaunchScreen_Generation = YES;
				INFOPLIST_KEY_UISupportedInterfaceOrientations_iPad = "UIInterfaceOrientationPortrait UIInterfaceOrientationPortraitUpsideDown UIInterfaceOrientationLandscapeLeft UIInterfaceOrientationLandscapeRight";
				INFOPLIST_KEY_UISupportedInterfaceOrientations_iPhone = "UIInterfaceOrientationPortrait UIInterfaceOrientationLandscapeLeft UIInterfaceOrientationLandscapeRight";
				IPHONEOS_DEPLOYMENT_TARGET = 16.6;
				LD_RUNPATH_SEARCH_PATHS = (
					"$(inherited)",
					"@executable_path/Frameworks",
				);
				MARKETING_VERSION = 1.0;
				PRODUCT_BUNDLE_IDENTIFIER = com.pwalker.FetchMeal;
				PRODUCT_NAME = "$(TARGET_NAME)";
				SUPPORTED_PLATFORMS = "iphoneos iphonesimulator";
				SUPPORTS_MACCATALYST = NO;
				SUPPORTS_MAC_DESIGNED_FOR_IPHONE_IPAD = NO;
				SUPPORTS_XR_DESIGNED_FOR_IPHONE_IPAD = NO;
				SWIFT_EMIT_LOC_STRINGS = YES;
				SWIFT_VERSION = 5.0;
				TARGETED_DEVICE_FAMILY = 1;
			};
			name = Release;
		};
		0F3ACBE32D14107700D5F8B7 /* Debug */ = {
			isa = XCBuildConfiguration;
			buildSettings = {
				BUNDLE_LOADER = "$(TEST_HOST)";
				CODE_SIGN_STYLE = Automatic;
				CURRENT_PROJECT_VERSION = 1;
				DEVELOPMENT_TEAM = 72VQ5RS74U;
				GENERATE_INFOPLIST_FILE = YES;
				IPHONEOS_DEPLOYMENT_TARGET = 18.2;
				MARKETING_VERSION = 1.0;
				PRODUCT_BUNDLE_IDENTIFIER = com.pwalker.FetchMealTests;
				PRODUCT_NAME = "$(TARGET_NAME)";
				SWIFT_EMIT_LOC_STRINGS = NO;
				SWIFT_VERSION = 5.0;
				TARGETED_DEVICE_FAMILY = "1,2";
				TEST_HOST = "$(BUILT_PRODUCTS_DIR)/FetchMeal.app/$(BUNDLE_EXECUTABLE_FOLDER_PATH)/FetchMeal";
			};
			name = Debug;
		};
		0F3ACBE42D14107700D5F8B7 /* Release */ = {
			isa = XCBuildConfiguration;
			buildSettings = {
				BUNDLE_LOADER = "$(TEST_HOST)";
				CODE_SIGN_STYLE = Automatic;
				CURRENT_PROJECT_VERSION = 1;
				DEVELOPMENT_TEAM = 72VQ5RS74U;
				GENERATE_INFOPLIST_FILE = YES;
				IPHONEOS_DEPLOYMENT_TARGET = 18.2;
				MARKETING_VERSION = 1.0;
				PRODUCT_BUNDLE_IDENTIFIER = com.pwalker.FetchMealTests;
				PRODUCT_NAME = "$(TARGET_NAME)";
				SWIFT_EMIT_LOC_STRINGS = NO;
				SWIFT_VERSION = 5.0;
				TARGETED_DEVICE_FAMILY = "1,2";
				TEST_HOST = "$(BUILT_PRODUCTS_DIR)/FetchMeal.app/$(BUNDLE_EXECUTABLE_FOLDER_PATH)/FetchMeal";
			};
			name = Release;
		};
		0F3ACBE62D14107700D5F8B7 /* Debug */ = {
			isa = XCBuildConfiguration;
			buildSettings = {
				CODE_SIGN_STYLE = Automatic;
				CURRENT_PROJECT_VERSION = 1;
				DEVELOPMENT_TEAM = 72VQ5RS74U;
				GENERATE_INFOPLIST_FILE = YES;
				MARKETING_VERSION = 1.0;
				PRODUCT_BUNDLE_IDENTIFIER = com.pwalker.FetchMealUITests;
				PRODUCT_NAME = "$(TARGET_NAME)";
				SWIFT_EMIT_LOC_STRINGS = NO;
				SWIFT_VERSION = 5.0;
				TARGETED_DEVICE_FAMILY = "1,2";
				TEST_TARGET_NAME = FetchMeal;
			};
			name = Debug;
		};
		0F3ACBE72D14107700D5F8B7 /* Release */ = {
			isa = XCBuildConfiguration;
			buildSettings = {
				CODE_SIGN_STYLE = Automatic;
				CURRENT_PROJECT_VERSION = 1;
				DEVELOPMENT_TEAM = 72VQ5RS74U;
				GENERATE_INFOPLIST_FILE = YES;
				MARKETING_VERSION = 1.0;
				PRODUCT_BUNDLE_IDENTIFIER = com.pwalker.FetchMealUITests;
				PRODUCT_NAME = "$(TARGET_NAME)";
				SWIFT_EMIT_LOC_STRINGS = NO;
				SWIFT_VERSION = 5.0;
				TARGETED_DEVICE_FAMILY = "1,2";
				TEST_TARGET_NAME = FetchMeal;
			};
			name = Release;
		};
/* End XCBuildConfiguration section */

/* Begin XCConfigurationList section */
		0F3ACBB62D14107400D5F8B7 /* Build configuration list for PBXProject "FetchMeal" */ = {
			isa = XCConfigurationList;
			buildConfigurations = (
				0F3ACBDD2D14107700D5F8B7 /* Debug */,
				0F3ACBDE2D14107700D5F8B7 /* Release */,
			);
			defaultConfigurationIsVisible = 0;
			defaultConfigurationName = Release;
		};
		0F3ACBDF2D14107700D5F8B7 /* Build configuration list for PBXNativeTarget "FetchMeal" */ = {
			isa = XCConfigurationList;
			buildConfigurations = (
				0F3ACBE02D14107700D5F8B7 /* Debug */,
				0F3ACBE12D14107700D5F8B7 /* Release */,
			);
			defaultConfigurationIsVisible = 0;
			defaultConfigurationName = Release;
		};
		0F3ACBE22D14107700D5F8B7 /* Build configuration list for PBXNativeTarget "FetchMealTests" */ = {
			isa = XCConfigurationList;
			buildConfigurations = (
				0F3ACBE32D14107700D5F8B7 /* Debug */,
				0F3ACBE42D14107700D5F8B7 /* Release */,
			);
			defaultConfigurationIsVisible = 0;
			defaultConfigurationName = Release;
		};
		0F3ACBE52D14107700D5F8B7 /* Build configuration list for PBXNativeTarget "FetchMealUITests" */ = {
			isa = XCConfigurationList;
			buildConfigurations = (
				0F3ACBE62D14107700D5F8B7 /* Debug */,
				0F3ACBE72D14107700D5F8B7 /* Release */,
			);
			defaultConfigurationIsVisible = 0;
			defaultConfigurationName = Release;
		};
/* End XCConfigurationList section */
	};
	rootObject = 0F3ACBB32D14107400D5F8B7 /* Project object */;
}
